// !$*UTF8*$!
{
	archiveVersion = 1;
	classes = {
	};
	objectVersion = 46;
	objects = {

/* Begin PBXBuildFile section */
		130D1BC91BCB11E900CCF04A /* main.cpp in Sources */ = {isa = PBXBuildFile; fileRef = 130D1BC81BCB11E900CCF04A /* main.cpp */; };
		130D1BD01BCB120600CCF04A /* OpenGL.framework in Frameworks */ = {isa = PBXBuildFile; fileRef = 130D1BCF1BCB120600CCF04A /* OpenGL.framework */; };
		130D1BD21BCB120D00CCF04A /* GLUT.framework in Frameworks */ = {isa = PBXBuildFile; fileRef = 130D1BD11BCB120D00CCF04A /* GLUT.framework */; };
/* End PBXBuildFile section */

/* Begin PBXCopyFilesBuildPhase section */
		130D1BC31BCB11E900CCF04A /* CopyFiles */ = {
			isa = PBXCopyFilesBuildPhase;
			buildActionMask = 2147483647;
			dstPath = /usr/share/man/man1/;
			dstSubfolderSpec = 0;
			files = (
			);
			runOnlyForDeploymentPostprocessing = 1;
		};
/* End PBXCopyFilesBuildPhase section */

/* Begin PBXFileReference section */
		130D1BC51BCB11E900CCF04A /* SimpleRayTracer */ = {isa = PBXFileReference; explicitFileType = "compiled.mach-o.executable"; includeInIndex = 0; path = SimpleRayTracer; sourceTree = BUILT_PRODUCTS_DIR; };
		130D1BC81BCB11E900CCF04A /* main.cpp */ = {isa = PBXFileReference; lastKnownFileType = sourcecode.cpp.cpp; path = main.cpp; sourceTree = "<group>"; };
		130D1BCF1BCB120600CCF04A /* OpenGL.framework */ = {isa = PBXFileReference; lastKnownFileType = wrapper.framework; name = OpenGL.framework; path = System/Library/Frameworks/OpenGL.framework; sourceTree = SDKROOT; };
		130D1BD11BCB120D00CCF04A /* GLUT.framework */ = {isa = PBXFileReference; lastKnownFileType = wrapper.framework; name = GLUT.framework; path = System/Library/Frameworks/GLUT.framework; sourceTree = SDKROOT; };
		138FAF3D1BCB2B70005F8625 /* RayTracer */ = {isa = PBXFileReference; lastKnownFileType = folder; path = RayTracer; sourceTree = "<group>"; };
		13CD82961BD1CDA600ABF00F /* Ray */ = {isa = PBXFileReference; lastKnownFileType = folder; path = Ray; sourceTree = "<group>"; };
		13CD82981BD1CDA600ABF00F /* Scene */ = {isa = PBXFileReference; lastKnownFileType = folder; path = Scene; sourceTree = "<group>"; };
		13CD82991BD1CDA600ABF00F /* Window */ = {isa = PBXFileReference; lastKnownFileType = folder; path = Window; sourceTree = "<group>"; };
/* End PBXFileReference section */

/* Begin PBXFrameworksBuildPhase section */
		130D1BC21BCB11E900CCF04A /* Frameworks */ = {
			isa = PBXFrameworksBuildPhase;
			buildActionMask = 2147483647;
			files = (
				130D1BD21BCB120D00CCF04A /* GLUT.framework in Frameworks */,
				130D1BD01BCB120600CCF04A /* OpenGL.framework in Frameworks */,
			);
			runOnlyForDeploymentPostprocessing = 0;
		};
/* End PBXFrameworksBuildPhase section */

/* Begin PBXGroup section */
		130D1BBC1BCB11E900CCF04A = {
			isa = PBXGroup;
			children = (
				130D1BD11BCB120D00CCF04A /* GLUT.framework */,
				130D1BCF1BCB120600CCF04A /* OpenGL.framework */,
				130D1BC71BCB11E900CCF04A /* SimpleRayTracer */,
				130D1BC61BCB11E900CCF04A /* Products */,
			);
			sourceTree = "<group>";
		};
		130D1BC61BCB11E900CCF04A /* Products */ = {
			isa = PBXGroup;
			children = (
				130D1BC51BCB11E900CCF04A /* SimpleRayTracer */,
			);
			name = Products;
			sourceTree = "<group>";
		};
		130D1BC71BCB11E900CCF04A /* SimpleRayTracer */ = {
			isa = PBXGroup;
			children = (
				13CD82961BD1CDA600ABF00F /* Ray */,
				139AD8D31BD2F47700C65037 /* New Group */,
				13CD82981BD1CDA600ABF00F /* Scene */,
				13CD82991BD1CDA600ABF00F /* Window */,
				130D1BC81BCB11E900CCF04A /* main.cpp */,
				138FAF3D1BCB2B70005F8625 /* RayTracer */,
			);
			path = SimpleRayTracer;
			sourceTree = "<group>";
		};
		139AD8D31BD2F47700C65037 /* New Group */ = {
			isa = PBXGroup;
			children = (
			);
			name = "New Group";
			sourceTree = "<group>";
		};
/* End PBXGroup section */

/* Begin PBXNativeTarget section */
		130D1BC41BCB11E900CCF04A /* SimpleRayTracer */ = {
			isa = PBXNativeTarget;
			buildConfigurationList = 130D1BCC1BCB11E900CCF04A /* Build configuration list for PBXNativeTarget "SimpleRayTracer" */;
			buildPhases = (
				130D1BC11BCB11E900CCF04A /* Sources */,
				130D1BC21BCB11E900CCF04A /* Frameworks */,
				130D1BC31BCB11E900CCF04A /* CopyFiles */,
			);
			buildRules = (
			);
			dependencies = (
			);
			name = SimpleRayTracer;
			productName = SimpleRayTracer;
			productReference = 130D1BC51BCB11E900CCF04A /* SimpleRayTracer */;
			productType = "com.apple.product-type.tool";
		};
/* End PBXNativeTarget section */

/* Begin PBXProject section */
		130D1BBD1BCB11E900CCF04A /* Project object */ = {
			isa = PBXProject;
			attributes = {
				KnownAssetTags = (
					New,
				);
				LastUpgradeCheck = 0700;
				ORGANIZATIONNAME = EKnapik;
				TargetAttributes = {
					130D1BC41BCB11E900CCF04A = {
						CreatedOnToolsVersion = 7.0.1;
					};
				};
			};
			buildConfigurationList = 130D1BC01BCB11E900CCF04A /* Build configuration list for PBXProject "SimpleRayTracer" */;
			compatibilityVersion = "Xcode 3.2";
			developmentRegion = English;
			hasScannedForEncodings = 0;
			knownRegions = (
				en,
			);
			mainGroup = 130D1BBC1BCB11E900CCF04A;
			productRefGroup = 130D1BC61BCB11E900CCF04A /* Products */;
			projectDirPath = "";
			projectRoot = "";
			targets = (
				130D1BC41BCB11E900CCF04A /* SimpleRayTracer */,
			);
		};
/* End PBXProject section */

/* Begin PBXSourcesBuildPhase section */
		130D1BC11BCB11E900CCF04A /* Sources */ = {
			isa = PBXSourcesBuildPhase;
			buildActionMask = 2147483647;
			files = (
				130D1BC91BCB11E900CCF04A /* main.cpp in Sources */,
			);
			runOnlyForDeploymentPostprocessing = 0;
		};
/* End PBXSourcesBuildPhase section */

/* Begin XCBuildConfiguration section */
		130D1BCA1BCB11E900CCF04A /* Debug */ = {
			isa = XCBuildConfiguration;
			buildSettings = {
				ALWAYS_SEARCH_USER_PATHS = NO;
				CLANG_CXX_LANGUAGE_STANDARD = "gnu++0x";
				CLANG_CXX_LIBRARY = "libc++";
				CLANG_ENABLE_MODULES = YES;
				CLANG_ENABLE_OBJC_ARC = YES;
				CLANG_WARN_BOOL_CONVERSION = YES;
				CLANG_WARN_CONSTANT_CONVERSION = YES;
				CLANG_WARN_DIRECT_OBJC_ISA_USAGE = YES_ERROR;
				CLANG_WARN_EMPTY_BODY = YES;
				CLANG_WARN_ENUM_CONVERSION = YES;
				CLANG_WARN_INT_CONVERSION = YES;
				CLANG_WARN_OBJC_ROOT_CLASS = YES_ERROR;
				CLANG_WARN_UNREACHABLE_CODE = YES;
				CLANG_WARN__DUPLICATE_METHOD_MATCH = YES;
				COPY_PHASE_STRIP = NO;
				DEBUG_INFORMATION_FORMAT = dwarf;
				ENABLE_STRICT_OBJC_MSGSEND = YES;
				ENABLE_TESTABILITY = YES;
				GCC_C_LANGUAGE_STANDARD = gnu99;
				GCC_DYNAMIC_NO_PIC = NO;
				GCC_NO_COMMON_BLOCKS = YES;
				GCC_OPTIMIZATION_LEVEL = 0;
				GCC_PREPROCESSOR_DEFINITIONS = (
					"DEBUG=1",
					"$(inherited)",
				);
				GCC_WARN_64_TO_32_BIT_CONVERSION = YES;
				GCC_WARN_ABOUT_RETURN_TYPE = YES_ERROR;
				GCC_WARN_UNDECLARED_SELECTOR = YES;
				GCC_WARN_UNINITIALIZED_AUTOS = YES_AGGRESSIVE;
				GCC_WARN_UNUSED_FUNCTION = YES;
				GCC_WARN_UNUSED_VARIABLE = YES;
				MACOSX_DEPLOYMENT_TARGET = 10.11;
				MTL_ENABLE_DEBUG_INFO = YES;
				ONLY_ACTIVE_ARCH = YES;
				SDKROOT = macosx;
			};
			name = Debug;
		};
		130D1BCB1BCB11E900CCF04A /* Release */ = {
			isa = XCBuildConfiguration;
			buildSettings = {
				ALWAYS_SEARCH_USER_PATHS = NO;
				CLANG_CXX_LANGUAGE_STANDARD = "gnu++0x";
				CLANG_CXX_LIBRARY = "libc++";
				CLANG_ENABLE_MODULES = YES;
				CLANG_ENABLE_OBJC_ARC = YES;
				CLANG_WARN_BOOL_CONVERSION = YES;
				CLANG_WARN_CONSTANT_CONVERSION = YES;
				CLANG_WARN_DIRECT_OBJC_ISA_USAGE = YES_ERROR;
				CLANG_WARN_EMPTY_BODY = YES;
				CLANG_WARN_ENUM_CONVERSION = YES;
				CLANG_WARN_INT_CONVERSION = YES;
				CLANG_WARN_OBJC_ROOT_CLASS = YES_ERROR;
				CLANG_WARN_UNREACHABLE_CODE = YES;
				CLANG_WARN__DUPLICATE_METHOD_MATCH = YES;
				COPY_PHASE_STRIP = NO;
				DEBUG_INFORMATION_FORMAT = "dwarf-with-dsym";
				ENABLE_NS_ASSERTIONS = NO;
				ENABLE_STRICT_OBJC_MSGSEND = YES;
				GCC_C_LANGUAGE_STANDARD = gnu99;
				GCC_NO_COMMON_BLOCKS = YES;
				GCC_WARN_64_TO_32_BIT_CONVERSION = YES;
				GCC_WARN_ABOUT_RETURN_TYPE = YES_ERROR;
				GCC_WARN_UNDECLARED_SELECTOR = YES;
				GCC_WARN_UNINITIALIZED_AUTOS = YES_AGGRESSIVE;
				GCC_WARN_UNUSED_FUNCTION = YES;
				GCC_WARN_UNUSED_VARIABLE = YES;
				MACOSX_DEPLOYMENT_TARGET = 10.11;
				MTL_ENABLE_DEBUG_INFO = NO;
				SDKROOT = macosx;
			};
			name = Release;
		};
		130D1BCD1BCB11E900CCF04A /* Debug */ = {
			isa = XCBuildConfiguration;
			buildSettings = {
				PRODUCT_NAME = "$(TARGET_NAME)";
			};
			name = Debug;
		};
		130D1BCE1BCB11E900CCF04A /* Release */ = {
			isa = XCBuildConfiguration;
			buildSettings = {
				PRODUCT_NAME = "$(TARGET_NAME)";
			};
			name = Release;
		};
/* End XCBuildConfiguration section */

/* Begin XCConfigurationList section */
		130D1BC01BCB11E900CCF04A /* Build configuration list for PBXProject "SimpleRayTracer" */ = {
			isa = XCConfigurationList;
			buildConfigurations = (
				130D1BCA1BCB11E900CCF04A /* Debug */,
				130D1BCB1BCB11E900CCF04A /* Release */,
			);
			defaultConfigurationIsVisible = 0;
			defaultConfigurationName = Release;
		};
		130D1BCC1BCB11E900CCF04A /* Build configuration list for PBXNativeTarget "SimpleRayTracer" */ = {
			isa = XCConfigurationList;
			buildConfigurations = (
				130D1BCD1BCB11E900CCF04A /* Debug */,
				130D1BCE1BCB11E900CCF04A /* Release */,
			);
			defaultConfigurationIsVisible = 0;
			defaultConfigurationName = Release;
		};
/* End XCConfigurationList section */
	};
	rootObject = 130D1BBD1BCB11E900CCF04A /* Project object */;
}
